
Microsoft Visual Studio Solution File, Format Version 12.00
# Visual Studio 15
VisualStudioVersion = 15.0.28010.2036
MinimumVisualStudioVersion = 10.0.40219.1
Project("{FAE04EC0-301F-11D3-BF4B-00C04F79EFBC}") = "StellarEventsGUI", "StellarEventsGUI\StellarEventsGUI.csproj", "{8C6D7030-FCD6-4830-A1D8-3D5AB77D2A9B}"
EndProject
Project("{FAE04EC0-301F-11D3-BF4B-00C04F79EFBC}") = "DBLibrary", "DBLibrary\DBLibrary.csproj", "{F7B18A8D-3B73-4D88-B3BA-1A4FE4F8509C}"
EndProject
Project("{FAE04EC0-301F-11D3-BF4B-00C04F79EFBC}") = "DBLibrary.Tests", "DBLibrary.Tests\DBLibrary.Tests.csproj", "{EA9C7F42-7C99-41E6-A5BF-BF4C78EF9BF9}"
EndProject
Global
	GlobalSection(SolutionConfigurationPlatforms) = preSolution
		Debug|Any CPU = Debug|Any CPU
		Release|Any CPU = Release|Any CPU
	EndGlobalSection
	GlobalSection(ProjectConfigurationPlatforms) = postSolution
		{8C6D7030-FCD6-4830-A1D8-3D5AB77D2A9B}.Debug|Any CPU.ActiveCfg = Debug|Any CPU
		{8C6D7030-FCD6-4830-A1D8-3D5AB77D2A9B}.Debug|Any CPU.Build.0 = Debug|Any CPU
		{8C6D7030-FCD6-4830-A1D8-3D5AB77D2A9B}.Release|Any CPU.ActiveCfg = Release|Any CPU
		{8C6D7030-FCD6-4830-A1D8-3D5AB77D2A9B}.Release|Any CPU.Build.0 = Release|Any CPU
		{F7B18A8D-3B73-4D88-B3BA-1A4FE4F8509C}.Debug|Any CPU.ActiveCfg = Debug|Any CPU
		{F7B18A8D-3B73-4D88-B3BA-1A4FE4F8509C}.Debug|Any CPU.Build.0 = Debug|Any CPU
		{F7B18A8D-3B73-4D88-B3BA-1A4FE4F8509C}.Release|Any CPU.ActiveCfg = Release|Any CPU
		{F7B18A8D-3B73-4D88-B3BA-1A4FE4F8509C}.Release|Any CPU.Build.0 = Release|Any CPU
		{EA9C7F42-7C99-41E6-A5BF-BF4C78EF9BF9}.Debug|Any CPU.ActiveCfg = Debug|Any CPU
		{EA9C7F42-7C99-41E6-A5BF-BF4C78EF9BF9}.Debug|Any CPU.Build.0 = Debug|Any CPU
		{EA9C7F42-7C99-41E6-A5BF-BF4C78EF9BF9}.Release|Any CPU.ActiveCfg = Release|Any CPU
		{EA9C7F42-7C99-41E6-A5BF-BF4C78EF9BF9}.Release|Any CPU.Build.0 = Release|Any CPU
	EndGlobalSection
	GlobalSection(SolutionProperties) = preSolution
		HideSolutionNode = FALSE
	EndGlobalSection
	GlobalSection(ExtensibilityGlobals) = postSolution
		SolutionGuid = {04938EAC-BFFB-412B-9D6C-6774A358E999}
	EndGlobalSection
EndGlobal
